// !$*UTF8*$!
{
	archiveVersion = 1;
	classes = {
	};
	objectVersion = 56;
	objects = {

/* Begin PBXBuildFile section */
		B81641072AE04A2B00A7094B /* JSONApp.swift in Sources */ = {isa = PBXBuildFile; fileRef = B81641062AE04A2B00A7094B /* JSONApp.swift */; };
		B81641092AE04A2B00A7094B /* ContentView.swift in Sources */ = {isa = PBXBuildFile; fileRef = B81641082AE04A2B00A7094B /* ContentView.swift */; };
		B816410B2AE04A2C00A7094B /* Assets.xcassets in Resources */ = {isa = PBXBuildFile; fileRef = B816410A2AE04A2C00A7094B /* Assets.xcassets */; };
		B816410E2AE04A2C00A7094B /* Preview Assets.xcassets in Resources */ = {isa = PBXBuildFile; fileRef = B816410D2AE04A2C00A7094B /* Preview Assets.xcassets */; };
		B81641102AE04A2C00A7094B /* Persistence.swift in Sources */ = {isa = PBXBuildFile; fileRef = B816410F2AE04A2C00A7094B /* Persistence.swift */; };
		B81641132AE04A2C00A7094B /* JSON.xcdatamodeld in Sources */ = {isa = PBXBuildFile; fileRef = B81641112AE04A2C00A7094B /* JSON.xcdatamodeld */; };
		B816411F2AE04D7F00A7094B /* PostModel.swift in Sources */ = {isa = PBXBuildFile; fileRef = B816411E2AE04D7F00A7094B /* PostModel.swift */; };
		B81641212AE04EC200A7094B /* PostViewModel.swift in Sources */ = {isa = PBXBuildFile; fileRef = B81641202AE04EC200A7094B /* PostViewModel.swift */; };
		B81641232AE1E25000A7094B /* Login.swift in Sources */ = {isa = PBXBuildFile; fileRef = B81641222AE1E25000A7094B /* Login.swift */; };
		B81641252AE1E29800A7094B /* Home.swift in Sources */ = {isa = PBXBuildFile; fileRef = B81641242AE1E29800A7094B /* Home.swift */; };
		B81641272AE1F18800A7094B /* Modelo1.swift in Sources */ = {isa = PBXBuildFile; fileRef = B81641262AE1F18800A7094B /* Modelo1.swift */; };
		B81641292AE1F1D500A7094B /* Modelo1ViewModel.swift in Sources */ = {isa = PBXBuildFile; fileRef = B81641282AE1F1D500A7094B /* Modelo1ViewModel.swift */; };
		B816412B2AE1FCDF00A7094B /* Modelo2.swift in Sources */ = {isa = PBXBuildFile; fileRef = B816412A2AE1FCDF00A7094B /* Modelo2.swift */; };
		B816412D2AE1FD5900A7094B /* Modelo2ViewModel.swift in Sources */ = {isa = PBXBuildFile; fileRef = B816412C2AE1FD5900A7094B /* Modelo2ViewModel.swift */; };
		B816412F2AE1FE4B00A7094B /* Home2.swift in Sources */ = {isa = PBXBuildFile; fileRef = B816412E2AE1FE4B00A7094B /* Home2.swift */; };
		B81641312AE2064100A7094B /* DetalleView.swift in Sources */ = {isa = PBXBuildFile; fileRef = B81641302AE2064100A7094B /* DetalleView.swift */; };
		B81641332AE2070F00A7094B /* DetalleViewModel.swift in Sources */ = {isa = PBXBuildFile; fileRef = B81641322AE2070F00A7094B /* DetalleViewModel.swift */; };
/* End PBXBuildFile section */

/* Begin PBXFileReference section */
		B81641032AE04A2B00A7094B /* JSON.app */ = {isa = PBXFileReference; explicitFileType = wrapper.application; includeInIndex = 0; path = JSON.app; sourceTree = BUILT_PRODUCTS_DIR; };
		B81641062AE04A2B00A7094B /* JSONApp.swift */ = {isa = PBXFileReference; lastKnownFileType = sourcecode.swift; path = JSONApp.swift; sourceTree = "<group>"; };
		B81641082AE04A2B00A7094B /* ContentView.swift */ = {isa = PBXFileReference; lastKnownFileType = sourcecode.swift; path = ContentView.swift; sourceTree = "<group>"; };
		B816410A2AE04A2C00A7094B /* Assets.xcassets */ = {isa = PBXFileReference; lastKnownFileType = folder.assetcatalog; path = Assets.xcassets; sourceTree = "<group>"; };
		B816410D2AE04A2C00A7094B /* Preview Assets.xcassets */ = {isa = PBXFileReference; lastKnownFileType = folder.assetcatalog; path = "Preview Assets.xcassets"; sourceTree = "<group>"; };
		B816410F2AE04A2C00A7094B /* Persistence.swift */ = {isa = PBXFileReference; lastKnownFileType = sourcecode.swift; path = Persistence.swift; sourceTree = "<group>"; };
		B81641122AE04A2C00A7094B /* JSON.xcdatamodel */ = {isa = PBXFileReference; lastKnownFileType = wrapper.xcdatamodel; path = JSON.xcdatamodel; sourceTree = "<group>"; };
		B816411E2AE04D7F00A7094B /* PostModel.swift */ = {isa = PBXFileReference; lastKnownFileType = sourcecode.swift; path = PostModel.swift; sourceTree = "<group>"; };
		B81641202AE04EC200A7094B /* PostViewModel.swift */ = {isa = PBXFileReference; lastKnownFileType = sourcecode.swift; path = PostViewModel.swift; sourceTree = "<group>"; };
		B81641222AE1E25000A7094B /* Login.swift */ = {isa = PBXFileReference; lastKnownFileType = sourcecode.swift; path = Login.swift; sourceTree = "<group>"; };
		B81641242AE1E29800A7094B /* Home.swift */ = {isa = PBXFileReference; lastKnownFileType = sourcecode.swift; path = Home.swift; sourceTree = "<group>"; };
		B81641262AE1F18800A7094B /* Modelo1.swift */ = {isa = PBXFileReference; lastKnownFileType = sourcecode.swift; path = Modelo1.swift; sourceTree = "<group>"; };
		B81641282AE1F1D500A7094B /* Modelo1ViewModel.swift */ = {isa = PBXFileReference; lastKnownFileType = sourcecode.swift; path = Modelo1ViewModel.swift; sourceTree = "<group>"; };
		B816412A2AE1FCDF00A7094B /* Modelo2.swift */ = {isa = PBXFileReference; lastKnownFileType = sourcecode.swift; path = Modelo2.swift; sourceTree = "<group>"; };
		B816412C2AE1FD5900A7094B /* Modelo2ViewModel.swift */ = {isa = PBXFileReference; lastKnownFileType = sourcecode.swift; path = Modelo2ViewModel.swift; sourceTree = "<group>"; };
		B816412E2AE1FE4B00A7094B /* Home2.swift */ = {isa = PBXFileReference; lastKnownFileType = sourcecode.swift; path = Home2.swift; sourceTree = "<group>"; };
		B81641302AE2064100A7094B /* DetalleView.swift */ = {isa = PBXFileReference; lastKnownFileType = sourcecode.swift; path = DetalleView.swift; sourceTree = "<group>"; };
		B81641322AE2070F00A7094B /* DetalleViewModel.swift */ = {isa = PBXFileReference; lastKnownFileType = sourcecode.swift; path = DetalleViewModel.swift; sourceTree = "<group>"; };
/* End PBXFileReference section */

/* Begin PBXFrameworksBuildPhase section */
		B81641002AE04A2B00A7094B /* Frameworks */ = {
			isa = PBXFrameworksBuildPhase;
			buildActionMask = 2147483647;
			files = (
			);
			runOnlyForDeploymentPostprocessing = 0;
		};
/* End PBXFrameworksBuildPhase section */

/* Begin PBXGroup section */
		B81640FA2AE04A2B00A7094B = {
			isa = PBXGroup;
			children = (
				B81641052AE04A2B00A7094B /* JSON */,
				B81641042AE04A2B00A7094B /* Products */,
			);
			sourceTree = "<group>";
		};
		B81641042AE04A2B00A7094B /* Products */ = {
			isa = PBXGroup;
			children = (
				B81641032AE04A2B00A7094B /* JSON.app */,
			);
			name = Products;
			sourceTree = "<group>";
		};
		B81641052AE04A2B00A7094B /* JSON */ = {
			isa = PBXGroup;
			children = (
				B816411D2AE04A9500A7094B /* Model */,
				B816411C2AE04A8B00A7094B /* View */,
				B81641192AE04A4F00A7094B /* ViewModel  */,
				B81641062AE04A2B00A7094B /* JSONApp.swift */,
				B81641082AE04A2B00A7094B /* ContentView.swift */,
				B816410A2AE04A2C00A7094B /* Assets.xcassets */,
				B816410F2AE04A2C00A7094B /* Persistence.swift */,
				B81641112AE04A2C00A7094B /* JSON.xcdatamodeld */,
				B816410C2AE04A2C00A7094B /* Preview Content */,
			);
			path = JSON;
			sourceTree = "<group>";
		};
		B816410C2AE04A2C00A7094B /* Preview Content */ = {
			isa = PBXGroup;
			children = (
				B816410D2AE04A2C00A7094B /* Preview Assets.xcassets */,
			);
			path = "Preview Content";
			sourceTree = "<group>";
		};
		B81641192AE04A4F00A7094B /* ViewModel  */ = {
			isa = PBXGroup;
			children = (
				B81641202AE04EC200A7094B /* PostViewModel.swift */,
				B81641282AE1F1D500A7094B /* Modelo1ViewModel.swift */,
				B816412C2AE1FD5900A7094B /* Modelo2ViewModel.swift */,
				B81641322AE2070F00A7094B /* DetalleViewModel.swift */,
			);
			path = "ViewModel ";
			sourceTree = "<group>";
		};
		B816411C2AE04A8B00A7094B /* View */ = {
			isa = PBXGroup;
			children = (
				B81641222AE1E25000A7094B /* Login.swift */,
				B81641242AE1E29800A7094B /* Home.swift */,
				B816412E2AE1FE4B00A7094B /* Home2.swift */,
				B81641302AE2064100A7094B /* DetalleView.swift */,
			);
			path = View;
			sourceTree = "<group>";
		};
		B816411D2AE04A9500A7094B /* Model */ = {
			isa = PBXGroup;
			children = (
				B816411E2AE04D7F00A7094B /* PostModel.swift */,
				B81641262AE1F18800A7094B /* Modelo1.swift */,
				B816412A2AE1FCDF00A7094B /* Modelo2.swift */,
			);
			path = Model;
			sourceTree = "<group>";
		};
/* End PBXGroup section */

/* Begin PBXNativeTarget section */
		B81641022AE04A2B00A7094B /* JSON */ = {
			isa = PBXNativeTarget;
			buildConfigurationList = B81641162AE04A2C00A7094B /* Build configuration list for PBXNativeTarget "JSON" */;
			buildPhases = (
				B81640FF2AE04A2B00A7094B /* Sources */,
				B81641002AE04A2B00A7094B /* Frameworks */,
				B81641012AE04A2B00A7094B /* Resources */,
			);
			buildRules = (
			);
			dependencies = (
			);
			name = JSON;
			productName = JSON;
			productReference = B81641032AE04A2B00A7094B /* JSON.app */;
			productType = "com.apple.product-type.application";
		};
/* End PBXNativeTarget section */

/* Begin PBXProject section */
		B81640FB2AE04A2B00A7094B /* Project object */ = {
			isa = PBXProject;
			attributes = {
				BuildIndependentTargetsInParallel = 1;
				LastSwiftUpdateCheck = 1500;
				LastUpgradeCheck = 1500;
				TargetAttributes = {
					B81641022AE04A2B00A7094B = {
						CreatedOnToolsVersion = 15.0;
					};
				};
			};
			buildConfigurationList = B81640FE2AE04A2B00A7094B /* Build configuration list for PBXProject "JSON" */;
			compatibilityVersion = "Xcode 14.0";
			developmentRegion = en;
			hasScannedForEncodings = 0;
			knownRegions = (
				en,
				Base,
			);
			mainGroup = B81640FA2AE04A2B00A7094B;
			productRefGroup = B81641042AE04A2B00A7094B /* Products */;
			projectDirPath = "";
			projectRoot = "";
			targets = (
				B81641022AE04A2B00A7094B /* JSON */,
			);
		};
/* End PBXProject section */

/* Begin PBXResourcesBuildPhase section */
		B81641012AE04A2B00A7094B /* Resources */ = {
			isa = PBXResourcesBuildPhase;
			buildActionMask = 2147483647;
			files = (
				B816410E2AE04A2C00A7094B /* Preview Assets.xcassets in Resources */,
				B816410B2AE04A2C00A7094B /* Assets.xcassets in Resources */,
			);
			runOnlyForDeploymentPostprocessing = 0;
		};
/* End PBXResourcesBuildPhase section */

/* Begin PBXSourcesBuildPhase section */
		B81640FF2AE04A2B00A7094B /* Sources */ = {
			isa = PBXSourcesBuildPhase;
			buildActionMask = 2147483647;
			files = (
				B81641232AE1E25000A7094B /* Login.swift in Sources */,
				B81641212AE04EC200A7094B /* PostViewModel.swift in Sources */,
				B81641102AE04A2C00A7094B /* Persistence.swift in Sources */,
				B816411F2AE04D7F00A7094B /* PostModel.swift in Sources */,
				B816412B2AE1FCDF00A7094B /* Modelo2.swift in Sources */,
				B81641092AE04A2B00A7094B /* ContentView.swift in Sources */,
				B81641072AE04A2B00A7094B /* JSONApp.swift in Sources */,
				B816412D2AE1FD5900A7094B /* Modelo2ViewModel.swift in Sources */,
				B81641252AE1E29800A7094B /* Home.swift in Sources */,
				B81641132AE04A2C00A7094B /* JSON.xcdatamodeld in Sources */,
				B81641332AE2070F00A7094B /* DetalleViewModel.swift in Sources */,
				B81641292AE1F1D500A7094B /* Modelo1ViewModel.swift in Sources */,
				B816412F2AE1FE4B00A7094B /* Home2.swift in Sources */,
				B81641312AE2064100A7094B /* DetalleView.swift in Sources */,
				B81641272AE1F18800A7094B /* Modelo1.swift in Sources */,
			);
			runOnlyForDeploymentPostprocessing = 0;
		};
/* End PBXSourcesBuildPhase section */

/* Begin XCBuildConfiguration section */
		B81641142AE04A2C00A7094B /* Debug */ = {
			isa = XCBuildConfiguration;
			buildSettings = {
				ALWAYS_SEARCH_USER_PATHS = NO;
				ASSETCATALOG_COMPILER_GENERATE_SWIFT_ASSET_SYMBOL_EXTENSIONS = YES;
				CLANG_ANALYZER_NONNULL = YES;
				CLANG_ANALYZER_NUMBER_OBJECT_CONVERSION = YES_AGGRESSIVE;
				CLANG_CXX_LANGUAGE_STANDARD = "gnu++20";
				CLANG_ENABLE_MODULES = YES;
				CLANG_ENABLE_OBJC_ARC = YES;
				CLANG_ENABLE_OBJC_WEAK = YES;
				CLANG_WARN_BLOCK_CAPTURE_AUTORELEASING = YES;
				CLANG_WARN_BOOL_CONVERSION = YES;
				CLANG_WARN_COMMA = YES;
				CLANG_WARN_CONSTANT_CONVERSION = YES;
				CLANG_WARN_DEPRECATED_OBJC_IMPLEMENTATIONS = YES;
				CLANG_WARN_DIRECT_OBJC_ISA_USAGE = YES_ERROR;
				CLANG_WARN_DOCUMENTATION_COMMENTS = YES;
				CLANG_WARN_EMPTY_BODY = YES;
				CLANG_WARN_ENUM_CONVERSION = YES;
				CLANG_WARN_INFINITE_RECURSION = YES;
				CLANG_WARN_INT_CONVERSION = YES;
				CLANG_WARN_NON_LITERAL_NULL_CONVERSION = YES;
				CLANG_WARN_OBJC_IMPLICIT_RETAIN_SELF = YES;
				CLANG_WARN_OBJC_LITERAL_CONVERSION = YES;
				CLANG_WARN_OBJC_ROOT_CLASS = YES_ERROR;
				CLANG_WARN_QUOTED_INCLUDE_IN_FRAMEWORK_HEADER = YES;
				CLANG_WARN_RANGE_LOOP_ANALYSIS = YES;
				CLANG_WARN_STRICT_PROTOTYPES = YES;
				CLANG_WARN_SUSPICIOUS_MOVE = YES;
				CLANG_WARN_UNGUARDED_AVAILABILITY = YES_AGGRESSIVE;
				CLANG_WARN_UNREACHABLE_CODE = YES;
				CLANG_WARN__DUPLICATE_METHOD_MATCH = YES;
				COPY_PHASE_STRIP = NO;
				DEBUG_INFORMATION_FORMAT = dwarf;
				ENABLE_STRICT_OBJC_MSGSEND = YES;
				ENABLE_TESTABILITY = YES;
				ENABLE_USER_SCRIPT_SANDBOXING = YES;
				GCC_C_LANGUAGE_STANDARD = gnu17;
				GCC_DYNAMIC_NO_PIC = NO;
				GCC_NO_COMMON_BLOCKS = YES;
				GCC_OPTIMIZATION_LEVEL = 0;
				GCC_PREPROCESSOR_DEFINITIONS = (
					"DEBUG=1",
					"$(inherited)",
				);
				GCC_WARN_64_TO_32_BIT_CONVERSION = YES;
				GCC_WARN_ABOUT_RETURN_TYPE = YES_ERROR;
				GCC_WARN_UNDECLARED_SELECTOR = YES;
				GCC_WARN_UNINITIALIZED_AUTOS = YES_AGGRESSIVE;
				GCC_WARN_UNUSED_FUNCTION = YES;
				GCC_WARN_UNUSED_VARIABLE = YES;
				IPHONEOS_DEPLOYMENT_TARGET = 17.0;
				LOCALIZATION_PREFERS_STRING_CATALOGS = YES;
				MTL_ENABLE_DEBUG_INFO = INCLUDE_SOURCE;
				MTL_FAST_MATH = YES;
				ONLY_ACTIVE_ARCH = YES;
				SDKROOT = iphoneos;
				SWIFT_ACTIVE_COMPILATION_CONDITIONS = "DEBUG $(inherited)";
				SWIFT_OPTIMIZATION_LEVEL = "-Onone";
			};
			name = Debug;
		};
		B81641152AE04A2C00A7094B /* Release */ = {
			isa = XCBuildConfiguration;
			buildSettings = {
				ALWAYS_SEARCH_USER_PATHS = NO;
				ASSETCATALOG_COMPILER_GENERATE_SWIFT_ASSET_SYMBOL_EXTENSIONS = YES;
				CLANG_ANALYZER_NONNULL = YES;
				CLANG_ANALYZER_NUMBER_OBJECT_CONVERSION = YES_AGGRESSIVE;
				CLANG_CXX_LANGUAGE_STANDARD = "gnu++20";
				CLANG_ENABLE_MODULES = YES;
				CLANG_ENABLE_OBJC_ARC = YES;
				CLANG_ENABLE_OBJC_WEAK = YES;
				CLANG_WARN_BLOCK_CAPTURE_AUTORELEASING = YES;
				CLANG_WARN_BOOL_CONVERSION = YES;
				CLANG_WARN_COMMA = YES;
				CLANG_WARN_CONSTANT_CONVERSION = YES;
				CLANG_WARN_DEPRECATED_OBJC_IMPLEMENTATIONS = YES;
				CLANG_WARN_DIRECT_OBJC_ISA_USAGE = YES_ERROR;
				CLANG_WARN_DOCUMENTATION_COMMENTS = YES;
				CLANG_WARN_EMPTY_BODY = YES;
				CLANG_WARN_ENUM_CONVERSION = YES;
				CLANG_WARN_INFINITE_RECURSION = YES;
				CLANG_WARN_INT_CONVERSION = YES;
				CLANG_WARN_NON_LITERAL_NULL_CONVERSION = YES;
				CLANG_WARN_OBJC_IMPLICIT_RETAIN_SELF = YES;
				CLANG_WARN_OBJC_LITERAL_CONVERSION = YES;
				CLANG_WARN_OBJC_ROOT_CLASS = YES_ERROR;
				CLANG_WARN_QUOTED_INCLUDE_IN_FRAMEWORK_HEADER = YES;
				CLANG_WARN_RANGE_LOOP_ANALYSIS = YES;
				CLANG_WARN_STRICT_PROTOTYPES = YES;
				CLANG_WARN_SUSPICIOUS_MOVE = YES;
				CLANG_WARN_UNGUARDED_AVAILABILITY = YES_AGGRESSIVE;
				CLANG_WARN_UNREACHABLE_CODE = YES;
				CLANG_WARN__DUPLICATE_METHOD_MATCH = YES;
				COPY_PHASE_STRIP = NO;
				DEBUG_INFORMATION_FORMAT = "dwarf-with-dsym";
				ENABLE_NS_ASSERTIONS = NO;
				ENABLE_STRICT_OBJC_MSGSEND = YES;
				ENABLE_USER_SCRIPT_SANDBOXING = YES;
				GCC_C_LANGUAGE_STANDARD = gnu17;
				GCC_NO_COMMON_BLOCKS = YES;
				GCC_WARN_64_TO_32_BIT_CONVERSION = YES;
				GCC_WARN_ABOUT_RETURN_TYPE = YES_ERROR;
				GCC_WARN_UNDECLARED_SELECTOR = YES;
				GCC_WARN_UNINITIALIZED_AUTOS = YES_AGGRESSIVE;
				GCC_WARN_UNUSED_FUNCTION = YES;
				GCC_WARN_UNUSED_VARIABLE = YES;
				IPHONEOS_DEPLOYMENT_TARGET = 17.0;
				LOCALIZATION_PREFERS_STRING_CATALOGS = YES;
				MTL_ENABLE_DEBUG_INFO = NO;
				MTL_FAST_MATH = YES;
				SDKROOT = iphoneos;
				SWIFT_COMPILATION_MODE = wholemodule;
				VALIDATE_PRODUCT = YES;
			};
			name = Release;
		};
		B81641172AE04A2C00A7094B /* Debug */ = {
			isa = XCBuildConfiguration;
			buildSettings = {
				ASSETCATALOG_COMPILER_APPICON_NAME = AppIcon;
				ASSETCATALOG_COMPILER_GLOBAL_ACCENT_COLOR_NAME = AccentColor;
				CODE_SIGN_STYLE = Automatic;
				CURRENT_PROJECT_VERSION = 1;
				DEVELOPMENT_ASSET_PATHS = "\"JSON/Preview Content\"";
				DEVELOPMENT_TEAM = A5ZNH3758Q;
				ENABLE_PREVIEWS = YES;
				GENERATE_INFOPLIST_FILE = YES;
				INFOPLIST_KEY_UIApplicationSceneManifest_Generation = YES;
				INFOPLIST_KEY_UIApplicationSupportsIndirectInputEvents = YES;
				INFOPLIST_KEY_UILaunchScreen_Generation = YES;
				INFOPLIST_KEY_UISupportedInterfaceOrientations_iPad = "UIInterfaceOrientationPortrait UIInterfaceOrientationPortraitUpsideDown UIInterfaceOrientationLandscapeLeft UIInterfaceOrientationLandscapeRight";
				INFOPLIST_KEY_UISupportedInterfaceOrientations_iPhone = "UIInterfaceOrientationPortrait UIInterfaceOrientationLandscapeLeft UIInterfaceOrientationLandscapeRight";
				LD_RUNPATH_SEARCH_PATHS = (
					"$(inherited)",
					"@executable_path/Frameworks",
				);
				MARKETING_VERSION = 1.0;
				PRODUCT_BUNDLE_IDENTIFIER = com.alondra.JSON;
				PRODUCT_NAME = "$(TARGET_NAME)";
				SWIFT_EMIT_LOC_STRINGS = YES;
				SWIFT_VERSION = 5.0;
				TARGETED_DEVICE_FAMILY = "1,2";
			};
			name = Debug;
		};
		B81641182AE04A2C00A7094B /* Release */ = {
			isa = XCBuildConfiguration;
			buildSettings = {
				ASSETCATALOG_COMPILER_APPICON_NAME = AppIcon;
				ASSETCATALOG_COMPILER_GLOBAL_ACCENT_COLOR_NAME = AccentColor;
				CODE_SIGN_STYLE = Automatic;
				CURRENT_PROJECT_VERSION = 1;
				DEVELOPMENT_ASSET_PATHS = "\"JSON/Preview Content\"";
				DEVELOPMENT_TEAM = A5ZNH3758Q;
				ENABLE_PREVIEWS = YES;
				GENERATE_INFOPLIST_FILE = YES;
				INFOPLIST_KEY_UIApplicationSceneManifest_Generation = YES;
				INFOPLIST_KEY_UIApplicationSupportsIndirectInputEvents = YES;
				INFOPLIST_KEY_UILaunchScreen_Generation = YES;
				INFOPLIST_KEY_UISupportedInterfaceOrientations_iPad = "UIInterfaceOrientationPortrait UIInterfaceOrientationPortraitUpsideDown UIInterfaceOrientationLandscapeLeft UIInterfaceOrientationLandscapeRight";
				INFOPLIST_KEY_UISupportedInterfaceOrientations_iPhone = "UIInterfaceOrientationPortrait UIInterfaceOrientationLandscapeLeft UIInterfaceOrientationLandscapeRight";
				LD_RUNPATH_SEARCH_PATHS = (
					"$(inherited)",
					"@executable_path/Frameworks",
				);
				MARKETING_VERSION = 1.0;
				PRODUCT_BUNDLE_IDENTIFIER = com.alondra.JSON;
				PRODUCT_NAME = "$(TARGET_NAME)";
				SWIFT_EMIT_LOC_STRINGS = YES;
				SWIFT_VERSION = 5.0;
				TARGETED_DEVICE_FAMILY = "1,2";
			};
			name = Release;
		};
/* End XCBuildConfiguration section */

/* Begin XCConfigurationList section */
		B81640FE2AE04A2B00A7094B /* Build configuration list for PBXProject "JSON" */ = {
			isa = XCConfigurationList;
			buildConfigurations = (
				B81641142AE04A2C00A7094B /* Debug */,
				B81641152AE04A2C00A7094B /* Release */,
			);
			defaultConfigurationIsVisible = 0;
			defaultConfigurationName = Release;
		};
		B81641162AE04A2C00A7094B /* Build configuration list for PBXNativeTarget "JSON" */ = {
			isa = XCConfigurationList;
			buildConfigurations = (
				B81641172AE04A2C00A7094B /* Debug */,
				B81641182AE04A2C00A7094B /* Release */,
			);
			defaultConfigurationIsVisible = 0;
			defaultConfigurationName = Release;
		};
/* End XCConfigurationList section */

/* Begin XCVersionGroup section */
		B81641112AE04A2C00A7094B /* JSON.xcdatamodeld */ = {
			isa = XCVersionGroup;
			children = (
				B81641122AE04A2C00A7094B /* JSON.xcdatamodel */,
			);
			currentVersion = B81641122AE04A2C00A7094B /* JSON.xcdatamodel */;
			path = JSON.xcdatamodeld;
			sourceTree = "<group>";
			versionGroupType = wrapper.xcdatamodel;
		};
/* End XCVersionGroup section */
	};
	rootObject = B81640FB2AE04A2B00A7094B /* Project object */;
}
